
Microsoft Visual Studio Solution File, Format Version 12.00
# Visual Studio Version 17
VisualStudioVersion = 17.14.36203.30 d17.14
MinimumVisualStudioVersion = 10.0.40219.1
Project("{FAE04EC0-301F-11D3-BF4B-00C04F79EFBC}") = "StreamConsumeExample", "StreamConsumeExample.csproj", "{BC992EF7-96C9-4082-89B5-724F8137D141}"
EndProject
Global
	GlobalSection(SolutionConfigurationPlatforms) = preSolution
		Debug|Any CPU = Debug|Any CPU
		Release|Any CPU = Release|Any CPU
	EndGlobalSection
	GlobalSection(ProjectConfigurationPlatforms) = postSolution
		{BC992EF7-96C9-4082-89B5-724F8137D141}.Debug|Any CPU.ActiveCfg = Debug|Any CPU
		{BC992EF7-96C9-4082-89B5-724F8137D141}.Debug|Any CPU.Build.0 = Debug|Any CPU
		{BC992EF7-96C9-4082-89B5-724F8137D141}.Release|Any CPU.ActiveCfg = Release|Any CPU
		{BC992EF7-96C9-4082-89B5-724F8137D141}.Release|Any CPU.Build.0 = Release|Any CPU
	EndGlobalSection
	GlobalSection(SolutionProperties) = preSolution
		HideSolutionNode = FALSE
	EndGlobalSection
	GlobalSection(ExtensibilityGlobals) = postSolution
		SolutionGuid = {4F49BC18-2E56-4707-B517-71CF7D9D741A}
	EndGlobalSection
EndGlobal
